// !$*UTF8*$!
{
	archiveVersion = 1;
	classes = {
	};
	objectVersion = 46;
	objects = {

/* Begin PBXBuildFile section */
		106772431D90222300F23068 /* main.m in Sources */ = {isa = PBXBuildFile; fileRef = 106772421D90222300F23068 /* main.m */; };
		106772461D90222300F23068 /* AppDelegate.m in Sources */ = {isa = PBXBuildFile; fileRef = 106772451D90222300F23068 /* AppDelegate.m */; };
		106772491D90222300F23068 /* MasterViewController.m in Sources */ = {isa = PBXBuildFile; fileRef = 106772481D90222300F23068 /* MasterViewController.m */; };
		1067724C1D90222300F23068 /* DetailViewController.m in Sources */ = {isa = PBXBuildFile; fileRef = 1067724B1D90222300F23068 /* DetailViewController.m */; };
		1067724F1D90222300F23068 /* Main.storyboard in Resources */ = {isa = PBXBuildFile; fileRef = 1067724D1D90222300F23068 /* Main.storyboard */; };
		106772511D90222300F23068 /* Assets.xcassets in Resources */ = {isa = PBXBuildFile; fileRef = 106772501D90222300F23068 /* Assets.xcassets */; };
		106772541D90222300F23068 /* LaunchScreen.storyboard in Resources */ = {isa = PBXBuildFile; fileRef = 106772521D90222300F23068 /* LaunchScreen.storyboard */; };
		1067725F1D90222300F23068 /* FiboTests.m in Sources */ = {isa = PBXBuildFile; fileRef = 1067725E1D90222300F23068 /* FiboTests.m */; };
		1067726B1D90225300F23068 /* FibonaciNumbers.m in Sources */ = {isa = PBXBuildFile; fileRef = 1067726A1D90225300F23068 /* FibonaciNumbers.m */; };
/* End PBXBuildFile section */

/* Begin PBXContainerItemProxy section */
		1067725B1D90222300F23068 /* PBXContainerItemProxy */ = {
			isa = PBXContainerItemProxy;
			containerPortal = 106772361D90222300F23068 /* Project object */;
			proxyType = 1;
			remoteGlobalIDString = 1067723D1D90222300F23068;
			remoteInfo = Fibo;
		};
/* End PBXContainerItemProxy section */

/* Begin PBXFileReference section */
		1067723E1D90222300F23068 /* Fibo.app */ = {isa = PBXFileReference; explicitFileType = wrapper.application; includeInIndex = 0; path = Fibo.app; sourceTree = BUILT_PRODUCTS_DIR; };
		106772421D90222300F23068 /* main.m */ = {isa = PBXFileReference; lastKnownFileType = sourcecode.c.objc; path = main.m; sourceTree = "<group>"; };
		106772441D90222300F23068 /* AppDelegate.h */ = {isa = PBXFileReference; lastKnownFileType = sourcecode.c.h; path = AppDelegate.h; sourceTree = "<group>"; };
		106772451D90222300F23068 /* AppDelegate.m */ = {isa = PBXFileReference; lastKnownFileType = sourcecode.c.objc; path = AppDelegate.m; sourceTree = "<group>"; };
		106772471D90222300F23068 /* MasterViewController.h */ = {isa = PBXFileReference; lastKnownFileType = sourcecode.c.h; path = MasterViewController.h; sourceTree = "<group>"; };
		106772481D90222300F23068 /* MasterViewController.m */ = {isa = PBXFileReference; lastKnownFileType = sourcecode.c.objc; path = MasterViewController.m; sourceTree = "<group>"; };
		1067724A1D90222300F23068 /* DetailViewController.h */ = {isa = PBXFileReference; lastKnownFileType = sourcecode.c.h; path = DetailViewController.h; sourceTree = "<group>"; };
		1067724B1D90222300F23068 /* DetailViewController.m */ = {isa = PBXFileReference; lastKnownFileType = sourcecode.c.objc; path = DetailViewController.m; sourceTree = "<group>"; };
		1067724E1D90222300F23068 /* Base */ = {isa = PBXFileReference; lastKnownFileType = file.storyboard; name = Base; path = Base.lproj/Main.storyboard; sourceTree = "<group>"; };
		106772501D90222300F23068 /* Assets.xcassets */ = {isa = PBXFileReference; lastKnownFileType = folder.assetcatalog; path = Assets.xcassets; sourceTree = "<group>"; };
		106772531D90222300F23068 /* Base */ = {isa = PBXFileReference; lastKnownFileType = file.storyboard; name = Base; path = Base.lproj/LaunchScreen.storyboard; sourceTree = "<group>"; };
		106772551D90222300F23068 /* Info.plist */ = {isa = PBXFileReference; lastKnownFileType = text.plist.xml; path = Info.plist; sourceTree = "<group>"; };
		1067725A1D90222300F23068 /* FiboTests.xctest */ = {isa = PBXFileReference; explicitFileType = wrapper.cfbundle; includeInIndex = 0; path = FiboTests.xctest; sourceTree = BUILT_PRODUCTS_DIR; };
		1067725E1D90222300F23068 /* FiboTests.m */ = {isa = PBXFileReference; lastKnownFileType = sourcecode.c.objc; path = FiboTests.m; sourceTree = "<group>"; };
		106772601D90222300F23068 /* Info.plist */ = {isa = PBXFileReference; lastKnownFileType = text.plist.xml; path = Info.plist; sourceTree = "<group>"; };
		106772691D90225300F23068 /* FibonaciNumbers.h */ = {isa = PBXFileReference; fileEncoding = 4; lastKnownFileType = sourcecode.c.h; path = FibonaciNumbers.h; sourceTree = "<group>"; };
		1067726A1D90225300F23068 /* FibonaciNumbers.m */ = {isa = PBXFileReference; fileEncoding = 4; lastKnownFileType = sourcecode.c.objc; path = FibonaciNumbers.m; sourceTree = "<group>"; };
/* End PBXFileReference section */

/* Begin PBXFrameworksBuildPhase section */
		1067723B1D90222300F23068 /* Frameworks */ = {
			isa = PBXFrameworksBuildPhase;
			buildActionMask = 2147483647;
			files = (
			);
			runOnlyForDeploymentPostprocessing = 0;
		};
		106772571D90222300F23068 /* Frameworks */ = {
			isa = PBXFrameworksBuildPhase;
			buildActionMask = 2147483647;
			files = (
			);
			runOnlyForDeploymentPostprocessing = 0;
		};
/* End PBXFrameworksBuildPhase section */

/* Begin PBXGroup section */
		106772351D90222300F23068 = {
			isa = PBXGroup;
			children = (
				106772401D90222300F23068 /* Fibo */,
				1067725D1D90222300F23068 /* FiboTests */,
				1067723F1D90222300F23068 /* Products */,
			);
			sourceTree = "<group>";
		};
		1067723F1D90222300F23068 /* Products */ = {
			isa = PBXGroup;
			children = (
				1067723E1D90222300F23068 /* Fibo.app */,
				1067725A1D90222300F23068 /* FiboTests.xctest */,
			);
			name = Products;
			sourceTree = "<group>";
		};
		106772401D90222300F23068 /* Fibo */ = {
			isa = PBXGroup;
			children = (
				106772441D90222300F23068 /* AppDelegate.h */,
				106772451D90222300F23068 /* AppDelegate.m */,
				106772471D90222300F23068 /* MasterViewController.h */,
				106772481D90222300F23068 /* MasterViewController.m */,
				1067724A1D90222300F23068 /* DetailViewController.h */,
				1067724B1D90222300F23068 /* DetailViewController.m */,
				106772691D90225300F23068 /* FibonaciNumbers.h */,
				1067726A1D90225300F23068 /* FibonaciNumbers.m */,
				1067724D1D90222300F23068 /* Main.storyboard */,
				106772501D90222300F23068 /* Assets.xcassets */,
				106772521D90222300F23068 /* LaunchScreen.storyboard */,
				106772551D90222300F23068 /* Info.plist */,
				106772411D90222300F23068 /* Supporting Files */,
			);
			path = Fibo;
			sourceTree = "<group>";
		};
		106772411D90222300F23068 /* Supporting Files */ = {
			isa = PBXGroup;
			children = (
				106772421D90222300F23068 /* main.m */,
			);
			name = "Supporting Files";
			sourceTree = "<group>";
		};
		1067725D1D90222300F23068 /* FiboTests */ = {
			isa = PBXGroup;
			children = (
				1067725E1D90222300F23068 /* FiboTests.m */,
				106772601D90222300F23068 /* Info.plist */,
			);
			path = FiboTests;
			sourceTree = "<group>";
		};
/* End PBXGroup section */

/* Begin PBXNativeTarget section */
		1067723D1D90222300F23068 /* Fibo */ = {
			isa = PBXNativeTarget;
			buildConfigurationList = 106772631D90222300F23068 /* Build configuration list for PBXNativeTarget "Fibo" */;
			buildPhases = (
				1067723A1D90222300F23068 /* Sources */,
				1067723B1D90222300F23068 /* Frameworks */,
				1067723C1D90222300F23068 /* Resources */,
			);
			buildRules = (
			);
			dependencies = (
			);
			name = Fibo;
			productName = Fibo;
			productReference = 1067723E1D90222300F23068 /* Fibo.app */;
			productType = "com.apple.product-type.application";
		};
		106772591D90222300F23068 /* FiboTests */ = {
			isa = PBXNativeTarget;
			buildConfigurationList = 106772661D90222300F23068 /* Build configuration list for PBXNativeTarget "FiboTests" */;
			buildPhases = (
				106772561D90222300F23068 /* Sources */,
				106772571D90222300F23068 /* Frameworks */,
				106772581D90222300F23068 /* Resources */,
			);
			buildRules = (
			);
			dependencies = (
				1067725C1D90222300F23068 /* PBXTargetDependency */,
			);
			name = FiboTests;
			productName = FiboTests;
			productReference = 1067725A1D90222300F23068 /* FiboTests.xctest */;
			productType = "com.apple.product-type.bundle.unit-test";
		};
/* End PBXNativeTarget section */

/* Begin PBXProject section */
		106772361D90222300F23068 /* Project object */ = {
			isa = PBXProject;
			attributes = {
				LastUpgradeCheck = 0730;
				ORGANIZATIONNAME = mkerekes;
				TargetAttributes = {
					1067723D1D90222300F23068 = {
						CreatedOnToolsVersion = 7.3.1;
					};
					106772591D90222300F23068 = {
						CreatedOnToolsVersion = 7.3.1;
						TestTargetID = 1067723D1D90222300F23068;
					};
				};
			};
			buildConfigurationList = 106772391D90222300F23068 /* Build configuration list for PBXProject "Fibo" */;
			compatibilityVersion = "Xcode 3.2";
			developmentRegion = English;
			hasScannedForEncodings = 0;
			knownRegions = (
				en,
				Base,
			);
			mainGroup = 106772351D90222300F23068;
			productRefGroup = 1067723F1D90222300F23068 /* Products */;
			projectDirPath = "";
			projectRoot = "";
			targets = (
				1067723D1D90222300F23068 /* Fibo */,
				106772591D90222300F23068 /* FiboTests */,
			);
		};
/* End PBXProject section */

/* Begin PBXResourcesBuildPhase section */
		1067723C1D90222300F23068 /* Resources */ = {
			isa = PBXResourcesBuildPhase;
			buildActionMask = 2147483647;
			files = (
				106772541D90222300F23068 /* LaunchScreen.storyboard in Resources */,
				106772511D90222300F23068 /* Assets.xcassets in Resources */,
				1067724F1D90222300F23068 /* Main.storyboard in Resources */,
			);
			runOnlyForDeploymentPostprocessing = 0;
		};
		106772581D90222300F23068 /* Resources */ = {
			isa = PBXResourcesBuildPhase;
			buildActionMask = 2147483647;
			files = (
			);
			runOnlyForDeploymentPostprocessing = 0;
		};
/* End PBXResourcesBuildPhase section */

/* Begin PBXSourcesBuildPhase section */
		1067723A1D90222300F23068 /* Sources */ = {
			isa = PBXSourcesBuildPhase;
			buildActionMask = 2147483647;
			files = (
				106772461D90222300F23068 /* AppDelegate.m in Sources */,
				106772491D90222300F23068 /* MasterViewController.m in Sources */,
				106772431D90222300F23068 /* main.m in Sources */,
				1067724C1D90222300F23068 /* DetailViewController.m in Sources */,
				1067726B1D90225300F23068 /* FibonaciNumbers.m in Sources */,
			);
			runOnlyForDeploymentPostprocessing = 0;
		};
		106772561D90222300F23068 /* Sources */ = {
			isa = PBXSourcesBuildPhase;
			buildActionMask = 2147483647;
			files = (
				1067725F1D90222300F23068 /* FiboTests.m in Sources */,
			);
			runOnlyForDeploymentPostprocessing = 0;
		};
/* End PBXSourcesBuildPhase section */

/* Begin PBXTargetDependency section */
		1067725C1D90222300F23068 /* PBXTargetDependency */ = {
			isa = PBXTargetDependency;
			target = 1067723D1D90222300F23068 /* Fibo */;
			targetProxy = 1067725B1D90222300F23068 /* PBXContainerItemProxy */;
		};
/* End PBXTargetDependency section */

/* Begin PBXVariantGroup section */
		1067724D1D90222300F23068 /* Main.storyboard */ = {
			isa = PBXVariantGroup;
			children = (
				1067724E1D90222300F23068 /* Base */,
			);
			name = Main.storyboard;
			sourceTree = "<group>";
		};
		106772521D90222300F23068 /* LaunchScreen.storyboard */ = {
			isa = PBXVariantGroup;
			children = (
				106772531D90222300F23068 /* Base */,
			);
			name = LaunchScreen.storyboard;
			sourceTree = "<group>";
		};
/* End PBXVariantGroup section */

/* Begin XCBuildConfiguration section */
		106772611D90222300F23068 /* Debug */ = {
			isa = XCBuildConfiguration;
			buildSettings = {
				ALWAYS_SEARCH_USER_PATHS = NO;
				CLANG_ANALYZER_NONNULL = YES;
				CLANG_CXX_LANGUAGE_STANDARD = "gnu++0x";
				CLANG_CXX_LIBRARY = "libc++";
				CLANG_ENABLE_MODULES = YES;
				CLANG_ENABLE_OBJC_ARC = YES;
				CLANG_WARN_BOOL_CONVERSION = YES;
				CLANG_WARN_CONSTANT_CONVERSION = YES;
				CLANG_WARN_DIRECT_OBJC_ISA_USAGE = YES_ERROR;
				CLANG_WARN_EMPTY_BODY = YES;
				CLANG_WARN_ENUM_CONVERSION = YES;
				CLANG_WARN_INT_CONVERSION = YES;
				CLANG_WARN_OBJC_ROOT_CLASS = YES_ERROR;
				CLANG_WARN_UNREACHABLE_CODE = YES;
				CLANG_WARN__DUPLICATE_METHOD_MATCH = YES;
				"CODE_SIGN_IDENTITY[sdk=iphoneos*]" = "iPhone Developer";
				COPY_PHASE_STRIP = NO;
				DEBUG_INFORMATION_FORMAT = dwarf;
				ENABLE_STRICT_OBJC_MSGSEND = YES;
				ENABLE_TESTABILITY = YES;
				GCC_C_LANGUAGE_STANDARD = gnu99;
				GCC_DYNAMIC_NO_PIC = NO;
				GCC_NO_COMMON_BLOCKS = YES;
				GCC_OPTIMIZATION_LEVEL = 0;
				GCC_PREPROCESSOR_DEFINITIONS = (
					"DEBUG=1",
					"$(inherited)",
				);
				GCC_WARN_64_TO_32_BIT_CONVERSION = YES;
				GCC_WARN_ABOUT_RETURN_TYPE = YES_ERROR;
				GCC_WARN_UNDECLARED_SELECTOR = YES;
				GCC_WARN_UNINITIALIZED_AUTOS = YES_AGGRESSIVE;
				GCC_WARN_UNUSED_FUNCTION = YES;
				GCC_WARN_UNUSED_VARIABLE = YES;
				IPHONEOS_DEPLOYMENT_TARGET = 9.3;
				MTL_ENABLE_DEBUG_INFO = YES;
				ONLY_ACTIVE_ARCH = YES;
				SDKROOT = iphoneos;
				TARGETED_DEVICE_FAMILY = "1,2";
			};
			name = Debug;
		};
		106772621D90222300F23068 /* Release */ = {
			isa = XCBuildConfiguration;
			buildSettings = {
				ALWAYS_SEARCH_USER_PATHS = NO;
				CLANG_ANALYZER_NONNULL = YES;
				CLANG_CXX_LANGUAGE_STANDARD = "gnu++0x";
				CLANG_CXX_LIBRARY = "libc++";
				CLANG_ENABLE_MODULES = YES;
				CLANG_ENABLE_OBJC_ARC = YES;
				CLANG_WARN_BOOL_CONVERSION = YES;
				CLANG_WARN_CONSTANT_CONVERSION = YES;
				CLANG_WARN_DIRECT_OBJC_ISA_USAGE = YES_ERROR;
				CLANG_WARN_EMPTY_BODY = YES;
				CLANG_WARN_ENUM_CONVERSION = YES;
				CLANG_WARN_INT_CONVERSION = YES;
				CLANG_WARN_OBJC_ROOT_CLASS = YES_ERROR;
				CLANG_WARN_UNREACHABLE_CODE = YES;
				CLANG_WARN__DUPLICATE_METHOD_MATCH = YES;
				"CODE_SIGN_IDENTITY[sdk=iphoneos*]" = "iPhone Developer";
				COPY_PHASE_STRIP = NO;
				DEBUG_INFORMATION_FORMAT = "dwarf-with-dsym";
				ENABLE_NS_ASSERTIONS = NO;
				ENABLE_STRICT_OBJC_MSGSEND = YES;
				GCC_C_LANGUAGE_STANDARD = gnu99;
				GCC_NO_COMMON_BLOCKS = YES;
				GCC_WARN_64_TO_32_BIT_CONVERSION = YES;
				GCC_WARN_ABOUT_RETURN_TYPE = YES_ERROR;
				GCC_WARN_UNDECLARED_SELECTOR = YES;
				GCC_WARN_UNINITIALIZED_AUTOS = YES_AGGRESSIVE;
				GCC_WARN_UNUSED_FUNCTION = YES;
				GCC_WARN_UNUSED_VARIABLE = YES;
				IPHONEOS_DEPLOYMENT_TARGET = 9.3;
				MTL_ENABLE_DEBUG_INFO = NO;
				SDKROOT = iphoneos;
				TARGETED_DEVICE_FAMILY = "1,2";
				VALIDATE_PRODUCT = YES;
			};
			name = Release;
		};
		106772641D90222300F23068 /* Debug */ = {
			isa = XCBuildConfiguration;
			buildSettings = {
				ASSETCATALOG_COMPILER_APPICON_NAME = AppIcon;
				INFOPLIST_FILE = Fibo/Info.plist;
				LD_RUNPATH_SEARCH_PATHS = "$(inherited) @executable_path/Frameworks";
				PRODUCT_BUNDLE_IDENTIFIER = com.BBC4.Fibo;
				PRODUCT_NAME = "$(TARGET_NAME)";
			};
			name = Debug;
		};
		106772651D90222300F23068 /* Release */ = {
			isa = XCBuildConfiguration;
			buildSettings = {
				ASSETCATALOG_COMPILER_APPICON_NAME = AppIcon;
				INFOPLIST_FILE = Fibo/Info.plist;
				LD_RUNPATH_SEARCH_PATHS = "$(inherited) @executable_path/Frameworks";
				PRODUCT_BUNDLE_IDENTIFIER = com.BBC4.Fibo;
				PRODUCT_NAME = "$(TARGET_NAME)";
			};
			name = Release;
		};
		106772671D90222300F23068 /* Debug */ = {
			isa = XCBuildConfiguration;
			buildSettings = {
				BUNDLE_LOADER = "$(TEST_HOST)";
				INFOPLIST_FILE = FiboTests/Info.plist;
				LD_RUNPATH_SEARCH_PATHS = "$(inherited) @executable_path/Frameworks @loader_path/Frameworks";
				PRODUCT_BUNDLE_IDENTIFIER = com.BBC4.FiboTests;
				PRODUCT_NAME = "$(TARGET_NAME)";
				TEST_HOST = "$(BUILT_PRODUCTS_DIR)/Fibo.app/Fibo";
			};
			name = Debug;
		};
		106772681D90222300F23068 /* Release */ = {
			isa = XCBuildConfiguration;
			buildSettings = {
				BUNDLE_LOADER = "$(TEST_HOST)";
				INFOPLIST_FILE = FiboTests/Info.plist;
				LD_RUNPATH_SEARCH_PATHS = "$(inherited) @executable_path/Frameworks @loader_path/Frameworks";
				PRODUCT_BUNDLE_IDENTIFIER = com.BBC4.FiboTests;
				PRODUCT_NAME = "$(TARGET_NAME)";
				TEST_HOST = "$(BUILT_PRODUCTS_DIR)/Fibo.app/Fibo";
			};
			name = Release;
		};
/* End XCBuildConfiguration section */

/* Begin XCConfigurationList section */
		106772391D90222300F23068 /* Build configuration list for PBXProject "Fibo" */ = {
			isa = XCConfigurationList;
			buildConfigurations = (
				106772611D90222300F23068 /* Debug */,
				106772621D90222300F23068 /* Release */,
			);
			defaultConfigurationIsVisible = 0;
			defaultConfigurationName = Release;
		};
		106772631D90222300F23068 /* Build configuration list for PBXNativeTarget "Fibo" */ = {
			isa = XCConfigurationList;
			buildConfigurations = (
				106772641D90222300F23068 /* Debug */,
				106772651D90222300F23068 /* Release */,
			);
			defaultConfigurationIsVisible = 0;
		};
		106772661D90222300F23068 /* Build configuration list for PBXNativeTarget "FiboTests" */ = {
			isa = XCConfigurationList;
			buildConfigurations = (
				106772671D90222300F23068 /* Debug */,
				106772681D90222300F23068 /* Release */,
			);
			defaultConfigurationIsVisible = 0;
		};
/* End XCConfigurationList section */
	};
	rootObject = 106772361D90222300F23068 /* Project object */;
}
